
Microsoft Visual Studio Solution File, Format Version 12.00
# Visual Studio Version 16
VisualStudioVersion = 16.0.29215.179
MinimumVisualStudioVersion = 10.0.40219.1
Project("{FAE04EC0-301F-11D3-BF4B-00C04F79EFBC}") = "NobelLaureateDetails", "NobelLaureateDetails\NobelLaureateDetails.csproj", "{7E1588A2-00AB-4FF4-BC8D-2B8F78084289}"
EndProject
Global
	GlobalSection(SolutionConfigurationPlatforms) = preSolution
		Debug|Any CPU = Debug|Any CPU
		Release|Any CPU = Release|Any CPU
	EndGlobalSection
	GlobalSection(ProjectConfigurationPlatforms) = postSolution
		{7E1588A2-00AB-4FF4-BC8D-2B8F78084289}.Debug|Any CPU.ActiveCfg = Debug|Any CPU
		{7E1588A2-00AB-4FF4-BC8D-2B8F78084289}.Debug|Any CPU.Build.0 = Debug|Any CPU
		{7E1588A2-00AB-4FF4-BC8D-2B8F78084289}.Release|Any CPU.ActiveCfg = Release|Any CPU
		{7E1588A2-00AB-4FF4-BC8D-2B8F78084289}.Release|Any CPU.Build.0 = Release|Any CPU
	EndGlobalSection
	GlobalSection(SolutionProperties) = preSolution
		HideSolutionNode = FALSE
	EndGlobalSection
	GlobalSection(ExtensibilityGlobals) = postSolution
		SolutionGuid = {93C53179-1F18-45CB-A44D-053AA2FBC7B3}
	EndGlobalSection
EndGlobal
